
Microsoft Visual Studio Solution File, Format Version 12.00
# Visual Studio Version 17
VisualStudioVersion = 17.10.34916.146
MinimumVisualStudioVersion = 10.0.40219.1
Project("{FAE04EC0-301F-11D3-BF4B-00C04F79EFBC}") = "eHealth.Android", "eHealth\eHealth.Android\eHealth.Android.csproj", "{24614BE5-159B-4AB4-A0E0-79FFF79B684C}"
EndProject
Project("{9A19103F-16F7-4668-BE54-9A1E7A4F7556}") = "eHealth", "eHealth\eHealth\eHealth.csproj", "{30B98230-DD8E-4323-9556-078414A1E329}"
EndProject
Project("{FAE04EC0-301F-11D3-BF4B-00C04F79EFBC}") = "eHealth.Data", "eHealth.Data\eHealth.Data.csproj", "{1DD7D754-E0FC-4A99-9396-C54016D40F7F}"
EndProject
Project("{FAE04EC0-301F-11D3-BF4B-00C04F79EFBC}") = "eHealth.Service", "eHealth.Service\eHealth.Service.csproj", "{8238B205-BC67-4908-86BE-6D05F601E5EE}"
EndProject
Global
	GlobalSection(SolutionConfigurationPlatforms) = preSolution
		Debug|Any CPU = Debug|Any CPU
		Release|Any CPU = Release|Any CPU
	EndGlobalSection
	GlobalSection(ProjectConfigurationPlatforms) = postSolution
		{24614BE5-159B-4AB4-A0E0-79FFF79B684C}.Debug|Any CPU.ActiveCfg = Debug|Any CPU
		{24614BE5-159B-4AB4-A0E0-79FFF79B684C}.Debug|Any CPU.Build.0 = Debug|Any CPU
		{24614BE5-159B-4AB4-A0E0-79FFF79B684C}.Debug|Any CPU.Deploy.0 = Debug|Any CPU
		{24614BE5-159B-4AB4-A0E0-79FFF79B684C}.Release|Any CPU.ActiveCfg = Release|Any CPU
		{24614BE5-159B-4AB4-A0E0-79FFF79B684C}.Release|Any CPU.Build.0 = Release|Any CPU
		{24614BE5-159B-4AB4-A0E0-79FFF79B684C}.Release|Any CPU.Deploy.0 = Release|Any CPU
		{30B98230-DD8E-4323-9556-078414A1E329}.Debug|Any CPU.ActiveCfg = Debug|Any CPU
		{30B98230-DD8E-4323-9556-078414A1E329}.Debug|Any CPU.Build.0 = Debug|Any CPU
		{30B98230-DD8E-4323-9556-078414A1E329}.Debug|Any CPU.Deploy.0 = Debug|Any CPU
		{30B98230-DD8E-4323-9556-078414A1E329}.Release|Any CPU.ActiveCfg = Release|Any CPU
		{30B98230-DD8E-4323-9556-078414A1E329}.Release|Any CPU.Build.0 = Release|Any CPU
		{30B98230-DD8E-4323-9556-078414A1E329}.Release|Any CPU.Deploy.0 = Release|Any CPU
		{1DD7D754-E0FC-4A99-9396-C54016D40F7F}.Debug|Any CPU.ActiveCfg = Debug|Any CPU
		{1DD7D754-E0FC-4A99-9396-C54016D40F7F}.Debug|Any CPU.Build.0 = Debug|Any CPU
		{1DD7D754-E0FC-4A99-9396-C54016D40F7F}.Release|Any CPU.ActiveCfg = Release|Any CPU
		{1DD7D754-E0FC-4A99-9396-C54016D40F7F}.Release|Any CPU.Build.0 = Release|Any CPU
		{8238B205-BC67-4908-86BE-6D05F601E5EE}.Debug|Any CPU.ActiveCfg = Debug|Any CPU
		{8238B205-BC67-4908-86BE-6D05F601E5EE}.Debug|Any CPU.Build.0 = Debug|Any CPU
		{8238B205-BC67-4908-86BE-6D05F601E5EE}.Release|Any CPU.ActiveCfg = Release|Any CPU
		{8238B205-BC67-4908-86BE-6D05F601E5EE}.Release|Any CPU.Build.0 = Release|Any CPU
	EndGlobalSection
	GlobalSection(SolutionProperties) = preSolution
		HideSolutionNode = FALSE
	EndGlobalSection
	GlobalSection(ExtensibilityGlobals) = postSolution
		SolutionGuid = {84C9B6F2-6733-4022-A84C-124BCD77AC71}
	EndGlobalSection
EndGlobal
